
Microsoft Visual Studio Solution File, Format Version 12.00
# Visual Studio Version 17
VisualStudioVersion = 17.5.33502.453
MinimumVisualStudioVersion = 10.0.40219.1
Project("{9A19103F-16F7-4668-BE54-9A1E7A4F7556}") = "DataLayer", "DataLayer\DataLayer.csproj", "{29AFCEA5-23EC-4483-BB62-6745D9AA01D6}"
EndProject
Project("{9A19103F-16F7-4668-BE54-9A1E7A4F7556}") = "BusinessLayer", "BusinessLayer\BusinessLayer.csproj", "{9C65C20F-F4AF-482B-BFC9-BDC3B14D2035}"
EndProject
Project("{9A19103F-16F7-4668-BE54-9A1E7A4F7556}") = "ApiLayer", "ApiLayer\ApiLayer.csproj", "{3CA21D1B-F4A8-47B3-AC9A-38EA08FDBFE6}"
EndProject
Project("{9A19103F-16F7-4668-BE54-9A1E7A4F7556}") = "WebApp", "WebApp\WebApp.csproj", "{80C6560C-C7C7-4ADD-ADE2-5DC690454656}"
EndProject
Global
	GlobalSection(SolutionConfigurationPlatforms) = preSolution
		Debug|Any CPU = Debug|Any CPU
		Release|Any CPU = Release|Any CPU
	EndGlobalSection
	GlobalSection(ProjectConfigurationPlatforms) = postSolution
		{29AFCEA5-23EC-4483-BB62-6745D9AA01D6}.Debug|Any CPU.ActiveCfg = Debug|Any CPU
		{29AFCEA5-23EC-4483-BB62-6745D9AA01D6}.Debug|Any CPU.Build.0 = Debug|Any CPU
		{29AFCEA5-23EC-4483-BB62-6745D9AA01D6}.Release|Any CPU.ActiveCfg = Release|Any CPU
		{29AFCEA5-23EC-4483-BB62-6745D9AA01D6}.Release|Any CPU.Build.0 = Release|Any CPU
		{9C65C20F-F4AF-482B-BFC9-BDC3B14D2035}.Debug|Any CPU.ActiveCfg = Debug|Any CPU
		{9C65C20F-F4AF-482B-BFC9-BDC3B14D2035}.Debug|Any CPU.Build.0 = Debug|Any CPU
		{9C65C20F-F4AF-482B-BFC9-BDC3B14D2035}.Release|Any CPU.ActiveCfg = Release|Any CPU
		{9C65C20F-F4AF-482B-BFC9-BDC3B14D2035}.Release|Any CPU.Build.0 = Release|Any CPU
		{3CA21D1B-F4A8-47B3-AC9A-38EA08FDBFE6}.Debug|Any CPU.ActiveCfg = Debug|Any CPU
		{3CA21D1B-F4A8-47B3-AC9A-38EA08FDBFE6}.Debug|Any CPU.Build.0 = Debug|Any CPU
		{3CA21D1B-F4A8-47B3-AC9A-38EA08FDBFE6}.Release|Any CPU.ActiveCfg = Release|Any CPU
		{3CA21D1B-F4A8-47B3-AC9A-38EA08FDBFE6}.Release|Any CPU.Build.0 = Release|Any CPU
		{80C6560C-C7C7-4ADD-ADE2-5DC690454656}.Debug|Any CPU.ActiveCfg = Debug|Any CPU
		{80C6560C-C7C7-4ADD-ADE2-5DC690454656}.Debug|Any CPU.Build.0 = Debug|Any CPU
		{80C6560C-C7C7-4ADD-ADE2-5DC690454656}.Release|Any CPU.ActiveCfg = Release|Any CPU
		{80C6560C-C7C7-4ADD-ADE2-5DC690454656}.Release|Any CPU.Build.0 = Release|Any CPU
	EndGlobalSection
	GlobalSection(SolutionProperties) = preSolution
		HideSolutionNode = FALSE
	EndGlobalSection
	GlobalSection(ExtensibilityGlobals) = postSolution
		SolutionGuid = {7576A81F-2556-45B6-AB2D-64C603386D4A}
	EndGlobalSection
EndGlobal
